
Microsoft Visual Studio Solution File, Format Version 12.00
# Visual Studio Version 17
VisualStudioVersion = 17.7.34031.279
MinimumVisualStudioVersion = 10.0.40219.1
Project("{9A19103F-16F7-4668-BE54-9A1E7A4F7556}") = "KnihovnickySystem", "KnihovnickySystem.csproj", "{62A5A1F3-4DB8-49C3-8323-56B75150AFA4}"
EndProject
Project("{FAE04EC0-301F-11D3-BF4B-00C04F79EFBC}") = "KnihovnickySystem.Tests", "..\KnihovnickySystem.Tests\KnihovnickySystem.Tests.csproj", "{3D6297AE-836F-4277-AB3E-9F958DE3B38C}"
EndProject
Global
	GlobalSection(SolutionConfigurationPlatforms) = preSolution
		Debug|Any CPU = Debug|Any CPU
		Release|Any CPU = Release|Any CPU
	EndGlobalSection
	GlobalSection(ProjectConfigurationPlatforms) = postSolution
		{62A5A1F3-4DB8-49C3-8323-56B75150AFA4}.Debug|Any CPU.ActiveCfg = Debug|Any CPU
		{62A5A1F3-4DB8-49C3-8323-56B75150AFA4}.Debug|Any CPU.Build.0 = Debug|Any CPU
		{62A5A1F3-4DB8-49C3-8323-56B75150AFA4}.Release|Any CPU.ActiveCfg = Release|Any CPU
		{62A5A1F3-4DB8-49C3-8323-56B75150AFA4}.Release|Any CPU.Build.0 = Release|Any CPU
		{3D6297AE-836F-4277-AB3E-9F958DE3B38C}.Debug|Any CPU.ActiveCfg = Debug|Any CPU
		{3D6297AE-836F-4277-AB3E-9F958DE3B38C}.Debug|Any CPU.Build.0 = Debug|Any CPU
		{3D6297AE-836F-4277-AB3E-9F958DE3B38C}.Release|Any CPU.ActiveCfg = Release|Any CPU
		{3D6297AE-836F-4277-AB3E-9F958DE3B38C}.Release|Any CPU.Build.0 = Release|Any CPU
	EndGlobalSection
	GlobalSection(SolutionProperties) = preSolution
		HideSolutionNode = FALSE
	EndGlobalSection
	GlobalSection(ExtensibilityGlobals) = postSolution
		SolutionGuid = {6452B876-38E9-49E1-8770-8D8C3DD2E406}
	EndGlobalSection
EndGlobal
